// !$*UTF8*$!
{
	archiveVersion = 1;
	classes = {
	};
	objectVersion = 46;
	objects = {

/* Begin PBXBuildFile section */
		4AF786691D89159600E70E2F /* AppDelegate.swift in Sources */ = {isa = PBXBuildFile; fileRef = 4AF786681D89159600E70E2F /* AppDelegate.swift */; };
		4AF7866B1D89159600E70E2F /* ViewController.swift in Sources */ = {isa = PBXBuildFile; fileRef = 4AF7866A1D89159600E70E2F /* ViewController.swift */; };
		4AF7866E1D89159600E70E2F /* Main.storyboard in Resources */ = {isa = PBXBuildFile; fileRef = 4AF7866C1D89159600E70E2F /* Main.storyboard */; };
		4AF786701D89159600E70E2F /* Assets.xcassets in Resources */ = {isa = PBXBuildFile; fileRef = 4AF7866F1D89159600E70E2F /* Assets.xcassets */; };
		4AF786731D89159600E70E2F /* LaunchScreen.storyboard in Resources */ = {isa = PBXBuildFile; fileRef = 4AF786711D89159600E70E2F /* LaunchScreen.storyboard */; };
		4AF7867E1D89159600E70E2F /* Tip_CalculatorTests.swift in Sources */ = {isa = PBXBuildFile; fileRef = 4AF7867D1D89159600E70E2F /* Tip_CalculatorTests.swift */; };
		4AF786891D89159600E70E2F /* Tip_CalculatorUITests.swift in Sources */ = {isa = PBXBuildFile; fileRef = 4AF786881D89159600E70E2F /* Tip_CalculatorUITests.swift */; };
/* End PBXBuildFile section */

/* Begin PBXContainerItemProxy section */
		4AF7867A1D89159600E70E2F /* PBXContainerItemProxy */ = {
			isa = PBXContainerItemProxy;
			containerPortal = 4AF7865D1D89159600E70E2F /* Project object */;
			proxyType = 1;
			remoteGlobalIDString = 4AF786641D89159600E70E2F;
			remoteInfo = "Tip Calculator";
		};
		4AF786851D89159600E70E2F /* PBXContainerItemProxy */ = {
			isa = PBXContainerItemProxy;
			containerPortal = 4AF7865D1D89159600E70E2F /* Project object */;
			proxyType = 1;
			remoteGlobalIDString = 4AF786641D89159600E70E2F;
			remoteInfo = "Tip Calculator";
		};
/* End PBXContainerItemProxy section */

/* Begin PBXFileReference section */
		4AF786651D89159600E70E2F /* Tip Calculator.app */ = {isa = PBXFileReference; explicitFileType = wrapper.application; includeInIndex = 0; path = "Tip Calculator.app"; sourceTree = BUILT_PRODUCTS_DIR; };
		4AF786681D89159600E70E2F /* AppDelegate.swift */ = {isa = PBXFileReference; lastKnownFileType = sourcecode.swift; path = AppDelegate.swift; sourceTree = "<group>"; };
		4AF7866A1D89159600E70E2F /* ViewController.swift */ = {isa = PBXFileReference; lastKnownFileType = sourcecode.swift; path = ViewController.swift; sourceTree = "<group>"; };
		4AF7866D1D89159600E70E2F /* Base */ = {isa = PBXFileReference; lastKnownFileType = file.storyboard; name = Base; path = Base.lproj/Main.storyboard; sourceTree = "<group>"; };
		4AF7866F1D89159600E70E2F /* Assets.xcassets */ = {isa = PBXFileReference; lastKnownFileType = folder.assetcatalog; path = Assets.xcassets; sourceTree = "<group>"; };
		4AF786721D89159600E70E2F /* Base */ = {isa = PBXFileReference; lastKnownFileType = file.storyboard; name = Base; path = Base.lproj/LaunchScreen.storyboard; sourceTree = "<group>"; };
		4AF786741D89159600E70E2F /* Info.plist */ = {isa = PBXFileReference; lastKnownFileType = text.plist.xml; path = Info.plist; sourceTree = "<group>"; };
		4AF786791D89159600E70E2F /* Tip CalculatorTests.xctest */ = {isa = PBXFileReference; explicitFileType = wrapper.cfbundle; includeInIndex = 0; path = "Tip CalculatorTests.xctest"; sourceTree = BUILT_PRODUCTS_DIR; };
		4AF7867D1D89159600E70E2F /* Tip_CalculatorTests.swift */ = {isa = PBXFileReference; lastKnownFileType = sourcecode.swift; path = Tip_CalculatorTests.swift; sourceTree = "<group>"; };
		4AF7867F1D89159600E70E2F /* Info.plist */ = {isa = PBXFileReference; lastKnownFileType = text.plist.xml; path = Info.plist; sourceTree = "<group>"; };
		4AF786841D89159600E70E2F /* Tip CalculatorUITests.xctest */ = {isa = PBXFileReference; explicitFileType = wrapper.cfbundle; includeInIndex = 0; path = "Tip CalculatorUITests.xctest"; sourceTree = BUILT_PRODUCTS_DIR; };
		4AF786881D89159600E70E2F /* Tip_CalculatorUITests.swift */ = {isa = PBXFileReference; lastKnownFileType = sourcecode.swift; path = Tip_CalculatorUITests.swift; sourceTree = "<group>"; };
		4AF7868A1D89159600E70E2F /* Info.plist */ = {isa = PBXFileReference; lastKnownFileType = text.plist.xml; path = Info.plist; sourceTree = "<group>"; };
/* End PBXFileReference section */

/* Begin PBXFrameworksBuildPhase section */
		4AF786621D89159600E70E2F /* Frameworks */ = {
			isa = PBXFrameworksBuildPhase;
			buildActionMask = 2147483647;
			files = (
			);
			runOnlyForDeploymentPostprocessing = 0;
		};
		4AF786761D89159600E70E2F /* Frameworks */ = {
			isa = PBXFrameworksBuildPhase;
			buildActionMask = 2147483647;
			files = (
			);
			runOnlyForDeploymentPostprocessing = 0;
		};
		4AF786811D89159600E70E2F /* Frameworks */ = {
			isa = PBXFrameworksBuildPhase;
			buildActionMask = 2147483647;
			files = (
			);
			runOnlyForDeploymentPostprocessing = 0;
		};
/* End PBXFrameworksBuildPhase section */

/* Begin PBXGroup section */
		4AF7865C1D89159600E70E2F = {
			isa = PBXGroup;
			children = (
				4AF786671D89159600E70E2F /* Tip Calculator */,
				4AF7867C1D89159600E70E2F /* Tip CalculatorTests */,
				4AF786871D89159600E70E2F /* Tip CalculatorUITests */,
				4AF786661D89159600E70E2F /* Products */,
			);
			sourceTree = "<group>";
		};
		4AF786661D89159600E70E2F /* Products */ = {
			isa = PBXGroup;
			children = (
				4AF786651D89159600E70E2F /* Tip Calculator.app */,
				4AF786791D89159600E70E2F /* Tip CalculatorTests.xctest */,
				4AF786841D89159600E70E2F /* Tip CalculatorUITests.xctest */,
			);
			name = Products;
			sourceTree = "<group>";
		};
		4AF786671D89159600E70E2F /* Tip Calculator */ = {
			isa = PBXGroup;
			children = (
				4AF786681D89159600E70E2F /* AppDelegate.swift */,
				4AF7866A1D89159600E70E2F /* ViewController.swift */,
				4AF7866C1D89159600E70E2F /* Main.storyboard */,
				4AF7866F1D89159600E70E2F /* Assets.xcassets */,
				4AF786711D89159600E70E2F /* LaunchScreen.storyboard */,
				4AF786741D89159600E70E2F /* Info.plist */,
			);
			path = "Tip Calculator";
			sourceTree = "<group>";
		};
		4AF7867C1D89159600E70E2F /* Tip CalculatorTests */ = {
			isa = PBXGroup;
			children = (
				4AF7867D1D89159600E70E2F /* Tip_CalculatorTests.swift */,
				4AF7867F1D89159600E70E2F /* Info.plist */,
			);
			path = "Tip CalculatorTests";
			sourceTree = "<group>";
		};
		4AF786871D89159600E70E2F /* Tip CalculatorUITests */ = {
			isa = PBXGroup;
			children = (
				4AF786881D89159600E70E2F /* Tip_CalculatorUITests.swift */,
				4AF7868A1D89159600E70E2F /* Info.plist */,
			);
			path = "Tip CalculatorUITests";
			sourceTree = "<group>";
		};
/* End PBXGroup section */

/* Begin PBXNativeTarget section */
		4AF786641D89159600E70E2F /* Tip Calculator */ = {
			isa = PBXNativeTarget;
			buildConfigurationList = 4AF7868D1D89159600E70E2F /* Build configuration list for PBXNativeTarget "Tip Calculator" */;
			buildPhases = (
				4AF786611D89159600E70E2F /* Sources */,
				4AF786621D89159600E70E2F /* Frameworks */,
				4AF786631D89159600E70E2F /* Resources */,
			);
			buildRules = (
			);
			dependencies = (
			);
			name = "Tip Calculator";
			productName = "Tip Calculator";
			productReference = 4AF786651D89159600E70E2F /* Tip Calculator.app */;
			productType = "com.apple.product-type.application";
		};
		4AF786781D89159600E70E2F /* Tip CalculatorTests */ = {
			isa = PBXNativeTarget;
			buildConfigurationList = 4AF786901D89159600E70E2F /* Build configuration list for PBXNativeTarget "Tip CalculatorTests" */;
			buildPhases = (
				4AF786751D89159600E70E2F /* Sources */,
				4AF786761D89159600E70E2F /* Frameworks */,
				4AF786771D89159600E70E2F /* Resources */,
			);
			buildRules = (
			);
			dependencies = (
				4AF7867B1D89159600E70E2F /* PBXTargetDependency */,
			);
			name = "Tip CalculatorTests";
			productName = "Tip CalculatorTests";
			productReference = 4AF786791D89159600E70E2F /* Tip CalculatorTests.xctest */;
			productType = "com.apple.product-type.bundle.unit-test";
		};
		4AF786831D89159600E70E2F /* Tip CalculatorUITests */ = {
			isa = PBXNativeTarget;
			buildConfigurationList = 4AF786931D89159600E70E2F /* Build configuration list for PBXNativeTarget "Tip CalculatorUITests" */;
			buildPhases = (
				4AF786801D89159600E70E2F /* Sources */,
				4AF786811D89159600E70E2F /* Frameworks */,
				4AF786821D89159600E70E2F /* Resources */,
			);
			buildRules = (
			);
			dependencies = (
				4AF786861D89159600E70E2F /* PBXTargetDependency */,
			);
			name = "Tip CalculatorUITests";
			productName = "Tip CalculatorUITests";
			productReference = 4AF786841D89159600E70E2F /* Tip CalculatorUITests.xctest */;
			productType = "com.apple.product-type.bundle.ui-testing";
		};
/* End PBXNativeTarget section */

/* Begin PBXProject section */
		4AF7865D1D89159600E70E2F /* Project object */ = {
			isa = PBXProject;
			attributes = {
				LastSwiftUpdateCheck = 0730;
				LastUpgradeCheck = 0730;
				ORGANIZATIONNAME = "Winston Vakunta";
				TargetAttributes = {
					4AF786641D89159600E70E2F = {
						CreatedOnToolsVersion = 7.3.1;
					};
					4AF786781D89159600E70E2F = {
						CreatedOnToolsVersion = 7.3.1;
						TestTargetID = 4AF786641D89159600E70E2F;
					};
					4AF786831D89159600E70E2F = {
						CreatedOnToolsVersion = 7.3.1;
						TestTargetID = 4AF786641D89159600E70E2F;
					};
				};
			};
			buildConfigurationList = 4AF786601D89159600E70E2F /* Build configuration list for PBXProject "Tip Calculator" */;
			compatibilityVersion = "Xcode 3.2";
			developmentRegion = English;
			hasScannedForEncodings = 0;
			knownRegions = (
				en,
				Base,
			);
			mainGroup = 4AF7865C1D89159600E70E2F;
			productRefGroup = 4AF786661D89159600E70E2F /* Products */;
			projectDirPath = "";
			projectRoot = "";
			targets = (
				4AF786641D89159600E70E2F /* Tip Calculator */,
				4AF786781D89159600E70E2F /* Tip CalculatorTests */,
				4AF786831D89159600E70E2F /* Tip CalculatorUITests */,
			);
		};
/* End PBXProject section */

/* Begin PBXResourcesBuildPhase section */
		4AF786631D89159600E70E2F /* Resources */ = {
			isa = PBXResourcesBuildPhase;
			buildActionMask = 2147483647;
			files = (
				4AF786731D89159600E70E2F /* LaunchScreen.storyboard in Resources */,
				4AF786701D89159600E70E2F /* Assets.xcassets in Resources */,
				4AF7866E1D89159600E70E2F /* Main.storyboard in Resources */,
			);
			runOnlyForDeploymentPostprocessing = 0;
		};
		4AF786771D89159600E70E2F /* Resources */ = {
			isa = PBXResourcesBuildPhase;
			buildActionMask = 2147483647;
			files = (
			);
			runOnlyForDeploymentPostprocessing = 0;
		};
		4AF786821D89159600E70E2F /* Resources */ = {
			isa = PBXResourcesBuildPhase;
			buildActionMask = 2147483647;
			files = (
			);
			runOnlyForDeploymentPostprocessing = 0;
		};
/* End PBXResourcesBuildPhase section */

/* Begin PBXSourcesBuildPhase section */
		4AF786611D89159600E70E2F /* Sources */ = {
			isa = PBXSourcesBuildPhase;
			buildActionMask = 2147483647;
			files = (
				4AF7866B1D89159600E70E2F /* ViewController.swift in Sources */,
				4AF786691D89159600E70E2F /* AppDelegate.swift in Sources */,
			);
			runOnlyForDeploymentPostprocessing = 0;
		};
		4AF786751D89159600E70E2F /* Sources */ = {
			isa = PBXSourcesBuildPhase;
			buildActionMask = 2147483647;
			files = (
				4AF7867E1D89159600E70E2F /* Tip_CalculatorTests.swift in Sources */,
			);
			runOnlyForDeploymentPostprocessing = 0;
		};
		4AF786801D89159600E70E2F /* Sources */ = {
			isa = PBXSourcesBuildPhase;
			buildActionMask = 2147483647;
			files = (
				4AF786891D89159600E70E2F /* Tip_CalculatorUITests.swift in Sources */,
			);
			runOnlyForDeploymentPostprocessing = 0;
		};
/* End PBXSourcesBuildPhase section */

/* Begin PBXTargetDependency section */
		4AF7867B1D89159600E70E2F /* PBXTargetDependency */ = {
			isa = PBXTargetDependency;
			target = 4AF786641D89159600E70E2F /* Tip Calculator */;
			targetProxy = 4AF7867A1D89159600E70E2F /* PBXContainerItemProxy */;
		};
		4AF786861D89159600E70E2F /* PBXTargetDependency */ = {
			isa = PBXTargetDependency;
			target = 4AF786641D89159600E70E2F /* Tip Calculator */;
			targetProxy = 4AF786851D89159600E70E2F /* PBXContainerItemProxy */;
		};
/* End PBXTargetDependency section */

/* Begin PBXVariantGroup section */
		4AF7866C1D89159600E70E2F /* Main.storyboard */ = {
			isa = PBXVariantGroup;
			children = (
				4AF7866D1D89159600E70E2F /* Base */,
			);
			name = Main.storyboard;
			sourceTree = "<group>";
		};
		4AF786711D89159600E70E2F /* LaunchScreen.storyboard */ = {
			isa = PBXVariantGroup;
			children = (
				4AF786721D89159600E70E2F /* Base */,
			);
			name = LaunchScreen.storyboard;
			sourceTree = "<group>";
		};
/* End PBXVariantGroup section */

/* Begin XCBuildConfiguration section */
		4AF7868B1D89159600E70E2F /* Debug */ = {
			isa = XCBuildConfiguration;
			buildSettings = {
				ALWAYS_SEARCH_USER_PATHS = NO;
				CLANG_ANALYZER_NONNULL = YES;
				CLANG_CXX_LANGUAGE_STANDARD = "gnu++0x";
				CLANG_CXX_LIBRARY = "libc++";
				CLANG_ENABLE_MODULES = YES;
				CLANG_ENABLE_OBJC_ARC = YES;
				CLANG_WARN_BOOL_CONVERSION = YES;
				CLANG_WARN_CONSTANT_CONVERSION = YES;
				CLANG_WARN_DIRECT_OBJC_ISA_USAGE = YES_ERROR;
				CLANG_WARN_EMPTY_BODY = YES;
				CLANG_WARN_ENUM_CONVERSION = YES;
				CLANG_WARN_INT_CONVERSION = YES;
				CLANG_WARN_OBJC_ROOT_CLASS = YES_ERROR;
				CLANG_WARN_UNREACHABLE_CODE = YES;
				CLANG_WARN__DUPLICATE_METHOD_MATCH = YES;
				"CODE_SIGN_IDENTITY[sdk=iphoneos*]" = "iPhone Developer";
				COPY_PHASE_STRIP = NO;
				DEBUG_INFORMATION_FORMAT = dwarf;
				ENABLE_STRICT_OBJC_MSGSEND = YES;
				ENABLE_TESTABILITY = YES;
				GCC_C_LANGUAGE_STANDARD = gnu99;
				GCC_DYNAMIC_NO_PIC = NO;
				GCC_NO_COMMON_BLOCKS = YES;
				GCC_OPTIMIZATION_LEVEL = 0;
				GCC_PREPROCESSOR_DEFINITIONS = (
					"DEBUG=1",
					"$(inherited)",
				);
				GCC_WARN_64_TO_32_BIT_CONVERSION = YES;
				GCC_WARN_ABOUT_RETURN_TYPE = YES_ERROR;
				GCC_WARN_UNDECLARED_SELECTOR = YES;
				GCC_WARN_UNINITIALIZED_AUTOS = YES_AGGRESSIVE;
				GCC_WARN_UNUSED_FUNCTION = YES;
				GCC_WARN_UNUSED_VARIABLE = YES;
				IPHONEOS_DEPLOYMENT_TARGET = 9.3;
				MTL_ENABLE_DEBUG_INFO = YES;
				ONLY_ACTIVE_ARCH = YES;
				SDKROOT = iphoneos;
				SWIFT_OPTIMIZATION_LEVEL = "-Onone";
			};
			name = Debug;
		};
		4AF7868C1D89159600E70E2F /* Release */ = {
			isa = XCBuildConfiguration;
			buildSettings = {
				ALWAYS_SEARCH_USER_PATHS = NO;
				CLANG_ANALYZER_NONNULL = YES;
				CLANG_CXX_LANGUAGE_STANDARD = "gnu++0x";
				CLANG_CXX_LIBRARY = "libc++";
				CLANG_ENABLE_MODULES = YES;
				CLANG_ENABLE_OBJC_ARC = YES;
				CLANG_WARN_BOOL_CONVERSION = YES;
				CLANG_WARN_CONSTANT_CONVERSION = YES;
				CLANG_WARN_DIRECT_OBJC_ISA_USAGE = YES_ERROR;
				CLANG_WARN_EMPTY_BODY = YES;
				CLANG_WARN_ENUM_CONVERSION = YES;
				CLANG_WARN_INT_CONVERSION = YES;
				CLANG_WARN_OBJC_ROOT_CLASS = YES_ERROR;
				CLANG_WARN_UNREACHABLE_CODE = YES;
				CLANG_WARN__DUPLICATE_METHOD_MATCH = YES;
				"CODE_SIGN_IDENTITY[sdk=iphoneos*]" = "iPhone Developer";
				COPY_PHASE_STRIP = NO;
				DEBUG_INFORMATION_FORMAT = "dwarf-with-dsym";
				ENABLE_NS_ASSERTIONS = NO;
				ENABLE_STRICT_OBJC_MSGSEND = YES;
				GCC_C_LANGUAGE_STANDARD = gnu99;
				GCC_NO_COMMON_BLOCKS = YES;
				GCC_WARN_64_TO_32_BIT_CONVERSION = YES;
				GCC_WARN_ABOUT_RETURN_TYPE = YES_ERROR;
				GCC_WARN_UNDECLARED_SELECTOR = YES;
				GCC_WARN_UNINITIALIZED_AUTOS = YES_AGGRESSIVE;
				GCC_WARN_UNUSED_FUNCTION = YES;
				GCC_WARN_UNUSED_VARIABLE = YES;
				IPHONEOS_DEPLOYMENT_TARGET = 9.3;
				MTL_ENABLE_DEBUG_INFO = NO;
				SDKROOT = iphoneos;
				VALIDATE_PRODUCT = YES;
			};
			name = Release;
		};
		4AF7868E1D89159600E70E2F /* Debug */ = {
			isa = XCBuildConfiguration;
			buildSettings = {
				ASSETCATALOG_COMPILER_APPICON_NAME = AppIcon;
				INFOPLIST_FILE = "Tip Calculator/Info.plist";
				LD_RUNPATH_SEARCH_PATHS = "$(inherited) @executable_path/Frameworks";
				PRODUCT_BUNDLE_IDENTIFIER = "Com.Codepath.Tip-Calculator";
				PRODUCT_NAME = "$(TARGET_NAME)";
			};
			name = Debug;
		};
		4AF7868F1D89159600E70E2F /* Release */ = {
			isa = XCBuildConfiguration;
			buildSettings = {
				ASSETCATALOG_COMPILER_APPICON_NAME = AppIcon;
				INFOPLIST_FILE = "Tip Calculator/Info.plist";
				LD_RUNPATH_SEARCH_PATHS = "$(inherited) @executable_path/Frameworks";
				PRODUCT_BUNDLE_IDENTIFIER = "Com.Codepath.Tip-Calculator";
				PRODUCT_NAME = "$(TARGET_NAME)";
			};
			name = Release;
		};
		4AF786911D89159600E70E2F /* Debug */ = {
			isa = XCBuildConfiguration;
			buildSettings = {
				BUNDLE_LOADER = "$(TEST_HOST)";
				INFOPLIST_FILE = "Tip CalculatorTests/Info.plist";
				LD_RUNPATH_SEARCH_PATHS = "$(inherited) @executable_path/Frameworks @loader_path/Frameworks";
				PRODUCT_BUNDLE_IDENTIFIER = "Com.Codepath.Tip-CalculatorTests";
				PRODUCT_NAME = "$(TARGET_NAME)";
				TEST_HOST = "$(BUILT_PRODUCTS_DIR)/Tip Calculator.app/Tip Calculator";
			};
			name = Debug;
		};
		4AF786921D89159600E70E2F /* Release */ = {
			isa = XCBuildConfiguration;
			buildSettings = {
				BUNDLE_LOADER = "$(TEST_HOST)";
				INFOPLIST_FILE = "Tip CalculatorTests/Info.plist";
				LD_RUNPATH_SEARCH_PATHS = "$(inherited) @executable_path/Frameworks @loader_path/Frameworks";
				PRODUCT_BUNDLE_IDENTIFIER = "Com.Codepath.Tip-CalculatorTests";
				PRODUCT_NAME = "$(TARGET_NAME)";
				TEST_HOST = "$(BUILT_PRODUCTS_DIR)/Tip Calculator.app/Tip Calculator";
			};
			name = Release;
		};
		4AF786941D89159600E70E2F /* Debug */ = {
			isa = XCBuildConfiguration;
			buildSettings = {
				INFOPLIST_FILE = "Tip CalculatorUITests/Info.plist";
				LD_RUNPATH_SEARCH_PATHS = "$(inherited) @executable_path/Frameworks @loader_path/Frameworks";
				PRODUCT_BUNDLE_IDENTIFIER = "Com.Codepath.Tip-CalculatorUITests";
				PRODUCT_NAME = "$(TARGET_NAME)";
				TEST_TARGET_NAME = "Tip Calculator";
			};
			name = Debug;
		};
		4AF786951D89159600E70E2F /* Release */ = {
			isa = XCBuildConfiguration;
			buildSettings = {
				INFOPLIST_FILE = "Tip CalculatorUITests/Info.plist";
				LD_RUNPATH_SEARCH_PATHS = "$(inherited) @executable_path/Frameworks @loader_path/Frameworks";
				PRODUCT_BUNDLE_IDENTIFIER = "Com.Codepath.Tip-CalculatorUITests";
				PRODUCT_NAME = "$(TARGET_NAME)";
				TEST_TARGET_NAME = "Tip Calculator";
			};
			name = Release;
		};
/* End XCBuildConfiguration section */

/* Begin XCConfigurationList section */
		4AF786601D89159600E70E2F /* Build configuration list for PBXProject "Tip Calculator" */ = {
			isa = XCConfigurationList;
			buildConfigurations = (
				4AF7868B1D89159600E70E2F /* Debug */,
				4AF7868C1D89159600E70E2F /* Release */,
			);
			defaultConfigurationIsVisible = 0;
			defaultConfigurationName = Release;
		};
		4AF7868D1D89159600E70E2F /* Build configuration list for PBXNativeTarget "Tip Calculator" */ = {
			isa = XCConfigurationList;
			buildConfigurations = (
				4AF7868E1D89159600E70E2F /* Debug */,
				4AF7868F1D89159600E70E2F /* Release */,
			);
			defaultConfigurationIsVisible = 0;
		};
		4AF786901D89159600E70E2F /* Build configuration list for PBXNativeTarget "Tip CalculatorTests" */ = {
			isa = XCConfigurationList;
			buildConfigurations = (
				4AF786911D89159600E70E2F /* Debug */,
				4AF786921D89159600E70E2F /* Release */,
			);
			defaultConfigurationIsVisible = 0;
		};
		4AF786931D89159600E70E2F /* Build configuration list for PBXNativeTarget "Tip CalculatorUITests" */ = {
			isa = XCConfigurationList;
			buildConfigurations = (
				4AF786941D89159600E70E2F /* Debug */,
				4AF786951D89159600E70E2F /* Release */,
			);
			defaultConfigurationIsVisible = 0;
		};
/* End XCConfigurationList section */
	};
	rootObject = 4AF7865D1D89159600E70E2F /* Project object */;
}
